{
    "_meta": {
        "hash": {
            "sha256": "54905af9eee18863a7cd87d7811fdc6cc1000608602d98aded57343a25a0c778"
        },
        "pipfile-spec": 6,
        "requires": {
            "python_version": "3.6"
        },
        "sources": [
            {
                "name": "pypi",
                "url": "https://pypi.python.org/simple",
                "verify_ssl": true
            }
        ]
    },
    "default": {
        "django": {
            "hashes": [
                "sha256:7c8ff92285406fb349e765e9ade685eec7271d6f5c3f918e495a74768b765c99",
                "sha256:dc3b61d054f1bced64628c62025d480f655303aea9f408e5996c339a543b45f0"
            ],
            "index": "pypi",
            "version": "==2.0.2"
        },
        "django-hashid-field": {
            "hashes": [
                "sha256:9d72324688e5e50d424fac9cdc102cf7a69cbcd47085329328443d6ffada65ab",
                "sha256:e8c1d01060159a3d292881b3742ccd8505ed3edcf004052fbb31fae3dff683bd"
            ],
            "index": "pypi",
            "version": "==2.1.0"
        },
        "djangorestframework": {
            "hashes": [
                "sha256:1f6baf40ed456ed2af6bd1a4ff8bbc3503cebea16509993aea2b7085bc097766",
                "sha256:9f9e94e8d22b100ed3a43cee8c47a7ff7b185e778a1f2da9ec5c73fc4e081b87"
            ],
            "index": "pypi",
            "version": "==3.7.7"
        },
        "djangorestframework-jwt": {
            "hashes": [
                "sha256:5efe33032f3a4518a300dc51a51c92145ad95fb6f4b272e5aa24701db67936a7",
                "sha256:ab15dfbbe535eede8e2e53adaf52ef0cf018ee27dbfad10cbc4cbec2ab63d38c"
            ],
            "index": "pypi",
            "version": "==1.11.0"
        },
        "hashids": {
            "hashes": [
                "sha256:6539b892a426e75747a9c0ad69409e9566f9c21b79310fc3424b5b6726f28da6"
            ],
            "version": "==1.2.0"
        },
        "pyjwt": {
            "hashes": [
                "sha256:bca523ef95586d3a8a5be2da766fe6f82754acba27689c984e28e77a12174593",
                "sha256:dacba5786fe3bf1a0ae8673874e29f9ac497860955c501289c63b15d3daae63a"
            ],
            "version": "==1.6.1"
        },
        "pytz": {
            "hashes": [
                "sha256:07edfc3d4d2705a20a6e99d97f0c4b61c800b8232dc1c04d87e8554f130148dd",
                "sha256:3a47ff71597f821cd84a162e71593004286e5be07a340fd462f0d33a760782b5",
                "sha256:410bcd1d6409026fbaa65d9ed33bf6dd8b1e94a499e32168acfc7b332e4095c0",
                "sha256:5bd55c744e6feaa4d599a6cbd8228b4f8f9ba96de2c38d56f08e534b3c9edf0d",
                "sha256:61242a9abc626379574a166dc0e96a66cd7c3b27fc10868003fa210be4bff1c9",
                "sha256:887ab5e5b32e4d0c86efddd3d055c1f363cbaa583beb8da5e22d2fa2f64d51ef",
                "sha256:ba18e6a243b3625513d85239b3e49055a2f0318466e0b8a92b8fb8ca7ccdf55f",
                "sha256:ed6509d9af298b7995d69a440e2822288f2eca1681b8cce37673dbb10091e5fe",
                "sha256:f93ddcdd6342f94cea379c73cddb5724e0d6d0a1c91c9bdef364dc0368ba4fda"
            ],
            "version": "==2018.3"
        }
    },
    "develop": {
        "attrs": {
            "hashes": [
                "sha256:1c7960ccfd6a005cd9f7ba884e6316b5e430a3f1a6c37c5f87d8b43f83b54ec9",
                "sha256:a17a9573a6f475c99b551c0e0a812707ddda1ec9653bed04c13841404ed6f450"
            ],
            "version": "==17.4.0"
        },
        "factory-boy": {
            "hashes": [
                "sha256:bd5a096d0f102d79b6c78cef1c8c0b650f2e1a3ecba351c735c6d2df8dabd29c",
                "sha256:be2abc8092294e4097935a29b4e37f5b9ed3e4205e2e32df215c0315b625995e"
            ],
            "index": "pypi",
            "version": "==2.10.0"
        },
        "faker": {
            "hashes": [
                "sha256:9cc12b821f32ff45f6edfdc1ab7be3893b60b1224e952d68322a57e5b26a4a15",
                "sha256:b06d0dc0166618298e668ced513ced7b10df34f3ad2045f22f1d7d88704e8e9c"
            ],
            "version": "==0.8.12"
        },
        "inflection": {
            "hashes": [
                "sha256:18ea7fb7a7d152853386523def08736aa8c32636b047ade55f7578c4edeb16ca"
            ],
            "version": "==0.3.1"
        },
        "pluggy": {
            "hashes": [
                "sha256:7f8ae7f5bdf75671a718d2daf0a64b7885f74510bcd98b1a0bb420eb9a9d0cff"
            ],
            "version": "==0.6.0"
        },
        "py": {
            "hashes": [
                "sha256:29c9fab495d7528e80ba1e343b958684f4ace687327e6f789a94bf3d1915f881",
                "sha256:983f77f3331356039fdd792e9220b7b8ee1aa6bd2b25f567a963ff1de5a64f6a"
            ],
            "version": "==1.5.3"
        },
        "pytest": {
            "hashes": [
                "sha256:8970e25181e15ab14ae895599a0a0e0ade7d1f1c4c8ca1072ce16f25526a184d",
                "sha256:9ddcb879c8cc859d2540204b5399011f842e5e8823674bf429f70ada281b3cc6"
            ],
            "index": "pypi",
            "version": "==3.4.1"
        },
        "pytest-django": {
            "hashes": [
                "sha256:00995c2999b884a38ae9cd30a8c00ed32b3d38c1041250ea84caf18085589662",
                "sha256:038ccc5a9daa1b1b0eb739ab7dce54e495811eca5ea3af4815a2a3ac45152309"
            ],
            "index": "pypi",
            "version": "==3.1.2"
        },
        "pytest-factoryboy": {
            "hashes": [
                "sha256:ad438d191d2b2a0f26956d437c1963875db573147a84ffd85d7bbeaefae22458"
            ],
            "index": "pypi",
            "version": "==2.0.1"
        },
        "python-dateutil": {
            "hashes": [
                "sha256:3220490fb9741e2342e1cf29a503394fdac874bc39568288717ee67047ff29df",
                "sha256:9d8074be4c993fbe4947878ce593052f71dac82932a677d49194d8ce9778002e"
            ],
            "version": "==2.7.2"
        },
        "six": {
            "hashes": [
                "sha256:70e8a77beed4562e7f14fe23a786b54f6296e34344c23bc42f07b15018ff98e9",
                "sha256:832dc0e10feb1aa2c68dcc57dbb658f1c7e65b9b61af69048abc87a2db00a0eb"
            ],
            "version": "==1.11.0"
        },
        "text-unidecode": {
            "hashes": [
                "sha256:5a1375bb2ba7968740508ae38d92e1f889a0832913cb1c447d5e2046061a396d",
                "sha256:801e38bd550b943563660a91de8d4b6fa5df60a542be9093f7abf819f86050cc"
            ],
            "version": "==1.2"
        }
    }
}
